
Microsoft Visual Studio Solution File, Format Version 12.00
# Visual Studio Version 16
VisualStudioVersion = 16.0.33214.272
MinimumVisualStudioVersion = 10.0.40219.1
Project("{9A19103F-16F7-4668-BE54-9A1E7A4F7556}") = "Bookstore_Project", "Bookstore_Project\Bookstore_Project.csproj", "{B21FAC03-4ED2-4259-B2BF-E873AD3490C5}"
EndProject
Global
	GlobalSection(SolutionConfigurationPlatforms) = preSolution
		Debug|Any CPU = Debug|Any CPU
		Release|Any CPU = Release|Any CPU
	EndGlobalSection
	GlobalSection(ProjectConfigurationPlatforms) = postSolution
		{B21FAC03-4ED2-4259-B2BF-E873AD3490C5}.Debug|Any CPU.ActiveCfg = Debug|Any CPU
		{B21FAC03-4ED2-4259-B2BF-E873AD3490C5}.Debug|Any CPU.Build.0 = Debug|Any CPU
		{B21FAC03-4ED2-4259-B2BF-E873AD3490C5}.Release|Any CPU.ActiveCfg = Release|Any CPU
		{B21FAC03-4ED2-4259-B2BF-E873AD3490C5}.Release|Any CPU.Build.0 = Release|Any CPU
	EndGlobalSection
	GlobalSection(SolutionProperties) = preSolution
		HideSolutionNode = FALSE
	EndGlobalSection
	GlobalSection(ExtensibilityGlobals) = postSolution
		SolutionGuid = {8D85ED6F-0119-4900-BA46-711E25256E6C}
	EndGlobalSection
EndGlobal
